
Microsoft Visual Studio Solution File, Format Version 12.00
# Visual Studio Version 16
VisualStudioVersion = 16.0.31501.217
MinimumVisualStudioVersion = 10.0.40219.1
Project("{FAE04EC0-301F-11D3-BF4B-00C04F79EFBC}") = "Project_MVC_1", "Project_MVC_1\Project_MVC_1.csproj", "{8557495B-3ECC-4DD7-B5CD-3EA8A6EDD341}"
EndProject
Global
	GlobalSection(SolutionConfigurationPlatforms) = preSolution
		Debug|Any CPU = Debug|Any CPU
		Release|Any CPU = Release|Any CPU
	EndGlobalSection
	GlobalSection(ProjectConfigurationPlatforms) = postSolution
		{8557495B-3ECC-4DD7-B5CD-3EA8A6EDD341}.Debug|Any CPU.ActiveCfg = Debug|Any CPU
		{8557495B-3ECC-4DD7-B5CD-3EA8A6EDD341}.Debug|Any CPU.Build.0 = Debug|Any CPU
		{8557495B-3ECC-4DD7-B5CD-3EA8A6EDD341}.Release|Any CPU.ActiveCfg = Release|Any CPU
		{8557495B-3ECC-4DD7-B5CD-3EA8A6EDD341}.Release|Any CPU.Build.0 = Release|Any CPU
	EndGlobalSection
	GlobalSection(SolutionProperties) = preSolution
		HideSolutionNode = FALSE
	EndGlobalSection
	GlobalSection(ExtensibilityGlobals) = postSolution
		SolutionGuid = {3112C5FF-7AE6-49C2-A8CB-477D2F7C59A7}
	EndGlobalSection
EndGlobal
